<Solution>
  <Folder Name="/MeetingFlow.ClientServer/">
    <Project Path="MeetingFlow.ClientServer/MeetingFlow.Api/MeetingFlow.Api.csproj" />
    <Project Path="MeetingFlow.ClientServer/MeetingFlow.Api.Tests/MeetingFlow.Api.Tests.csproj" />
  </Folder>
  <Project Path="MeetingFlow.Monolith/MeetingFlow.Monolith.csproj" />
  <Project Path="MeetingFlow.Monolith.Tests/MeetingFlow.Monolith.Tests.csproj" />
  <Folder Name="/evals/">
    <Project Path="evals/MeetingFlow.KosherEvals/MeetingFlow.KosherEvals.csproj" />
  </Folder>
  <Folder Name="/MeetingFlow.Microservices/">
    <Project Path="MeetingFlow.Microservices/src/Contracts/DataAccessor.Contracts/DataAccessor.Contracts.csproj" />
    <Project Path="MeetingFlow.Microservices/src/Contracts/SchedulingEngine.Contracts/SchedulingEngine.Contracts.csproj" />
    <Project Path="MeetingFlow.Microservices/src/Contracts/NotificationsAccessor.Contracts/NotificationsAccessor.Contracts.csproj" />
    <Project Path="MeetingFlow.Microservices/src/Contracts/MeetingsManager.Contracts/MeetingsManager.Contracts.csproj" />
    <Project Path="MeetingFlow.Microservices/src/Contracts/RegistrationsManager.Contracts/RegistrationsManager.Contracts.csproj" />
    <Project Path="MeetingFlow.Microservices/src/Contracts/AiChatEngine.Contracts/AiChatEngine.Contracts.csproj" />
    <Project Path="MeetingFlow.Microservices/src/Contracts/MeetingFlow.IntegrationEvents/MeetingFlow.IntegrationEvents.csproj" />
    <Project Path="MeetingFlow.Microservices/src/Gateway/Gateway.csproj" />
    <Project Path="MeetingFlow.Microservices/src/Managers/MeetingsManager/MeetingsManager.csproj" />
    <Project Path="MeetingFlow.Microservices/src/Managers/RegistrationsManager/RegistrationsManager.csproj" />
    <Project Path="MeetingFlow.Microservices/src/Engines/SchedulingEngine/SchedulingEngine.csproj" />
    <Project Path="MeetingFlow.Microservices/src/Accessors/DataAccessor/DataAccessor.csproj" />
    <Project Path="MeetingFlow.Microservices/src/Accessors/NotificationsAccessor/NotificationsAccessor.csproj" />
    <Project Path="MeetingFlow.Microservices/tests/MeetingFlow.SchedulingEngine.ComponentTests/MeetingFlow.SchedulingEngine.ComponentTests.csproj" />
    <Project Path="MeetingFlow.Microservices/tests/MeetingFlow.DataAccessor.ComponentTests/MeetingFlow.DataAccessor.ComponentTests.csproj" />
    <Project Path="MeetingFlow.Microservices/tests/MeetingFlow.RegistrationsManager.ComponentTests/MeetingFlow.RegistrationsManager.ComponentTests.csproj" />
    <Project Path="MeetingFlow.Microservices/tests/MeetingFlow.Microservices.IntegrationTests/MeetingFlow.Microservices.IntegrationTests.csproj" />
  </Folder>
</Solution>
